
Microsoft Visual Studio Solution File, Format Version 12.00
# Visual Studio Version 16
VisualStudioVersion = 16.0.30002.166
MinimumVisualStudioVersion = 10.0.40219.1
Project("{2150E333-8FDC-42A3-9474-1A3956D46DE8}") = "MobileApps", "MobileApps", "{18528B40-B849-4A24-85B7-22C63D791C30}"
EndProject
Project("{2150E333-8FDC-42A3-9474-1A3956D46DE8}") = "Test", "Test", "{7A2C1C26-6C5B-4F81-8A26-1D9B7744E183}"
EndProject
Project("{FAE04EC0-301F-11D3-BF4B-00C04F79EFBC}") = "WhatsOnTheFridge.Mobile.Core.UWP", "WhatsOnTheFridge.Mobile.Core\WhatsOnTheFridge.Mobile.Core.UWP\WhatsOnTheFridge.Mobile.Core.UWP.csproj", "{9B13C784-50E6-43FD-8ACF-F8CE761201EB}"
EndProject
Project("{FAE04EC0-301F-11D3-BF4B-00C04F79EFBC}") = "WhatsOnTheFridge.Mobile.Core.Android", "WhatsOnTheFridge.Mobile.Core\WhatsOnTheFridge.Mobile.Core.Android\WhatsOnTheFridge.Mobile.Core.Android.csproj", "{42EC57F4-48D4-499E-9C49-5B0DA5AE811B}"
EndProject
Project("{9A19103F-16F7-4668-BE54-9A1E7A4F7556}") = "WhatsOnTheFridge.Mobile.Core", "WhatsOnTheFridge.Mobile.Core\WhatsOnTheFridge.Mobile.Core\WhatsOnTheFridge.Mobile.Core.csproj", "{1A708391-DB21-4A69-B504-A8012F008153}"
EndProject
Project("{9A19103F-16F7-4668-BE54-9A1E7A4F7556}") = "WhatsOnThe.Persistance.LocalDb", "WhatsOnThe.Persistance.LocalDb\WhatsOnThe.Persistance.LocalDb.csproj", "{925B01EA-291A-48DA-B6D0-E6B50C2E31B3}"
EndProject
Project("{2150E333-8FDC-42A3-9474-1A3956D46DE8}") = "Platforms", "Platforms", "{35426C04-2A1E-41C8-9EBE-B7C6EE507776}"
EndProject
Project("{9A19103F-16F7-4668-BE54-9A1E7A4F7556}") = "WhatsOnThe.Model", "WhatsOnThe.Model\WhatsOnThe.Model.csproj", "{4ACFAAEA-10DB-499E-AE0F-C796912CE65D}"
EndProject
Global
	GlobalSection(SolutionConfigurationPlatforms) = preSolution
		Debug|Any CPU = Debug|Any CPU
		Debug|ARM = Debug|ARM
		Debug|x64 = Debug|x64
		Debug|x86 = Debug|x86
		Release|Any CPU = Release|Any CPU
		Release|ARM = Release|ARM
		Release|x64 = Release|x64
		Release|x86 = Release|x86
	EndGlobalSection
	GlobalSection(ProjectConfigurationPlatforms) = postSolution
		{9B13C784-50E6-43FD-8ACF-F8CE761201EB}.Debug|Any CPU.ActiveCfg = Debug|x86
		{9B13C784-50E6-43FD-8ACF-F8CE761201EB}.Debug|ARM.ActiveCfg = Debug|ARM
		{9B13C784-50E6-43FD-8ACF-F8CE761201EB}.Debug|ARM.Build.0 = Debug|ARM
		{9B13C784-50E6-43FD-8ACF-F8CE761201EB}.Debug|ARM.Deploy.0 = Debug|ARM
		{9B13C784-50E6-43FD-8ACF-F8CE761201EB}.Debug|x64.ActiveCfg = Debug|x64
		{9B13C784-50E6-43FD-8ACF-F8CE761201EB}.Debug|x64.Build.0 = Debug|x64
		{9B13C784-50E6-43FD-8ACF-F8CE761201EB}.Debug|x64.Deploy.0 = Debug|x64
		{9B13C784-50E6-43FD-8ACF-F8CE761201EB}.Debug|x86.ActiveCfg = Debug|x86
		{9B13C784-50E6-43FD-8ACF-F8CE761201EB}.Debug|x86.Build.0 = Debug|x86
		{9B13C784-50E6-43FD-8ACF-F8CE761201EB}.Debug|x86.Deploy.0 = Debug|x86
		{9B13C784-50E6-43FD-8ACF-F8CE761201EB}.Release|Any CPU.ActiveCfg = Release|x86
		{9B13C784-50E6-43FD-8ACF-F8CE761201EB}.Release|ARM.ActiveCfg = Release|ARM
		{9B13C784-50E6-43FD-8ACF-F8CE761201EB}.Release|ARM.Build.0 = Release|ARM
		{9B13C784-50E6-43FD-8ACF-F8CE761201EB}.Release|ARM.Deploy.0 = Release|ARM
		{9B13C784-50E6-43FD-8ACF-F8CE761201EB}.Release|x64.ActiveCfg = Release|x64
		{9B13C784-50E6-43FD-8ACF-F8CE761201EB}.Release|x64.Build.0 = Release|x64
		{9B13C784-50E6-43FD-8ACF-F8CE761201EB}.Release|x64.Deploy.0 = Release|x64
		{9B13C784-50E6-43FD-8ACF-F8CE761201EB}.Release|x86.ActiveCfg = Release|x86
		{9B13C784-50E6-43FD-8ACF-F8CE761201EB}.Release|x86.Build.0 = Release|x86
		{9B13C784-50E6-43FD-8ACF-F8CE761201EB}.Release|x86.Deploy.0 = Release|x86
		{42EC57F4-48D4-499E-9C49-5B0DA5AE811B}.Debug|Any CPU.ActiveCfg = Debug|Any CPU
		{42EC57F4-48D4-499E-9C49-5B0DA5AE811B}.Debug|Any CPU.Build.0 = Debug|Any CPU
		{42EC57F4-48D4-499E-9C49-5B0DA5AE811B}.Debug|Any CPU.Deploy.0 = Debug|Any CPU
		{42EC57F4-48D4-499E-9C49-5B0DA5AE811B}.Debug|ARM.ActiveCfg = Debug|Any CPU
		{42EC57F4-48D4-499E-9C49-5B0DA5AE811B}.Debug|ARM.Build.0 = Debug|Any CPU
		{42EC57F4-48D4-499E-9C49-5B0DA5AE811B}.Debug|ARM.Deploy.0 = Debug|Any CPU
		{42EC57F4-48D4-499E-9C49-5B0DA5AE811B}.Debug|x64.ActiveCfg = Debug|Any CPU
		{42EC57F4-48D4-499E-9C49-5B0DA5AE811B}.Debug|x64.Build.0 = Debug|Any CPU
		{42EC57F4-48D4-499E-9C49-5B0DA5AE811B}.Debug|x64.Deploy.0 = Debug|Any CPU
		{42EC57F4-48D4-499E-9C49-5B0DA5AE811B}.Debug|x86.ActiveCfg = Debug|Any CPU
		{42EC57F4-48D4-499E-9C49-5B0DA5AE811B}.Debug|x86.Build.0 = Debug|Any CPU
		{42EC57F4-48D4-499E-9C49-5B0DA5AE811B}.Debug|x86.Deploy.0 = Debug|Any CPU
		{42EC57F4-48D4-499E-9C49-5B0DA5AE811B}.Release|Any CPU.ActiveCfg = Release|Any CPU
		{42EC57F4-48D4-499E-9C49-5B0DA5AE811B}.Release|Any CPU.Build.0 = Release|Any CPU
		{42EC57F4-48D4-499E-9C49-5B0DA5AE811B}.Release|Any CPU.Deploy.0 = Release|Any CPU
		{42EC57F4-48D4-499E-9C49-5B0DA5AE811B}.Release|ARM.ActiveCfg = Release|Any CPU
		{42EC57F4-48D4-499E-9C49-5B0DA5AE811B}.Release|ARM.Build.0 = Release|Any CPU
		{42EC57F4-48D4-499E-9C49-5B0DA5AE811B}.Release|ARM.Deploy.0 = Release|Any CPU
		{42EC57F4-48D4-499E-9C49-5B0DA5AE811B}.Release|x64.ActiveCfg = Release|Any CPU
		{42EC57F4-48D4-499E-9C49-5B0DA5AE811B}.Release|x64.Build.0 = Release|Any CPU
		{42EC57F4-48D4-499E-9C49-5B0DA5AE811B}.Release|x64.Deploy.0 = Release|Any CPU
		{42EC57F4-48D4-499E-9C49-5B0DA5AE811B}.Release|x86.ActiveCfg = Release|Any CPU
		{42EC57F4-48D4-499E-9C49-5B0DA5AE811B}.Release|x86.Build.0 = Release|Any CPU
		{42EC57F4-48D4-499E-9C49-5B0DA5AE811B}.Release|x86.Deploy.0 = Release|Any CPU
		{1A708391-DB21-4A69-B504-A8012F008153}.Debug|Any CPU.ActiveCfg = Debug|Any CPU
		{1A708391-DB21-4A69-B504-A8012F008153}.Debug|Any CPU.Build.0 = Debug|Any CPU
		{1A708391-DB21-4A69-B504-A8012F008153}.Debug|ARM.ActiveCfg = Debug|Any CPU
		{1A708391-DB21-4A69-B504-A8012F008153}.Debug|ARM.Build.0 = Debug|Any CPU
		{1A708391-DB21-4A69-B504-A8012F008153}.Debug|x64.ActiveCfg = Debug|Any CPU
		{1A708391-DB21-4A69-B504-A8012F008153}.Debug|x64.Build.0 = Debug|Any CPU
		{1A708391-DB21-4A69-B504-A8012F008153}.Debug|x86.ActiveCfg = Debug|Any CPU
		{1A708391-DB21-4A69-B504-A8012F008153}.Debug|x86.Build.0 = Debug|Any CPU
		{1A708391-DB21-4A69-B504-A8012F008153}.Release|Any CPU.ActiveCfg = Release|Any CPU
		{1A708391-DB21-4A69-B504-A8012F008153}.Release|Any CPU.Build.0 = Release|Any CPU
		{1A708391-DB21-4A69-B504-A8012F008153}.Release|ARM.ActiveCfg = Release|Any CPU
		{1A708391-DB21-4A69-B504-A8012F008153}.Release|ARM.Build.0 = Release|Any CPU
		{1A708391-DB21-4A69-B504-A8012F008153}.Release|x64.ActiveCfg = Release|Any CPU
		{1A708391-DB21-4A69-B504-A8012F008153}.Release|x64.Build.0 = Release|Any CPU
		{1A708391-DB21-4A69-B504-A8012F008153}.Release|x86.ActiveCfg = Release|Any CPU
		{1A708391-DB21-4A69-B504-A8012F008153}.Release|x86.Build.0 = Release|Any CPU
		{925B01EA-291A-48DA-B6D0-E6B50C2E31B3}.Debug|Any CPU.ActiveCfg = Debug|Any CPU
		{925B01EA-291A-48DA-B6D0-E6B50C2E31B3}.Debug|Any CPU.Build.0 = Debug|Any CPU
		{925B01EA-291A-48DA-B6D0-E6B50C2E31B3}.Debug|ARM.ActiveCfg = Debug|Any CPU
		{925B01EA-291A-48DA-B6D0-E6B50C2E31B3}.Debug|ARM.Build.0 = Debug|Any CPU
		{925B01EA-291A-48DA-B6D0-E6B50C2E31B3}.Debug|x64.ActiveCfg = Debug|Any CPU
		{925B01EA-291A-48DA-B6D0-E6B50C2E31B3}.Debug|x64.Build.0 = Debug|Any CPU
		{925B01EA-291A-48DA-B6D0-E6B50C2E31B3}.Debug|x86.ActiveCfg = Debug|Any CPU
		{925B01EA-291A-48DA-B6D0-E6B50C2E31B3}.Debug|x86.Build.0 = Debug|Any CPU
		{925B01EA-291A-48DA-B6D0-E6B50C2E31B3}.Release|Any CPU.ActiveCfg = Release|Any CPU
		{925B01EA-291A-48DA-B6D0-E6B50C2E31B3}.Release|Any CPU.Build.0 = Release|Any CPU
		{925B01EA-291A-48DA-B6D0-E6B50C2E31B3}.Release|ARM.ActiveCfg = Release|Any CPU
		{925B01EA-291A-48DA-B6D0-E6B50C2E31B3}.Release|ARM.Build.0 = Release|Any CPU
		{925B01EA-291A-48DA-B6D0-E6B50C2E31B3}.Release|x64.ActiveCfg = Release|Any CPU
		{925B01EA-291A-48DA-B6D0-E6B50C2E31B3}.Release|x64.Build.0 = Release|Any CPU
		{925B01EA-291A-48DA-B6D0-E6B50C2E31B3}.Release|x86.ActiveCfg = Release|Any CPU
		{925B01EA-291A-48DA-B6D0-E6B50C2E31B3}.Release|x86.Build.0 = Release|Any CPU
		{4ACFAAEA-10DB-499E-AE0F-C796912CE65D}.Debug|Any CPU.ActiveCfg = Debug|Any CPU
		{4ACFAAEA-10DB-499E-AE0F-C796912CE65D}.Debug|Any CPU.Build.0 = Debug|Any CPU
		{4ACFAAEA-10DB-499E-AE0F-C796912CE65D}.Debug|ARM.ActiveCfg = Debug|Any CPU
		{4ACFAAEA-10DB-499E-AE0F-C796912CE65D}.Debug|ARM.Build.0 = Debug|Any CPU
		{4ACFAAEA-10DB-499E-AE0F-C796912CE65D}.Debug|x64.ActiveCfg = Debug|Any CPU
		{4ACFAAEA-10DB-499E-AE0F-C796912CE65D}.Debug|x64.Build.0 = Debug|Any CPU
		{4ACFAAEA-10DB-499E-AE0F-C796912CE65D}.Debug|x86.ActiveCfg = Debug|Any CPU
		{4ACFAAEA-10DB-499E-AE0F-C796912CE65D}.Debug|x86.Build.0 = Debug|Any CPU
		{4ACFAAEA-10DB-499E-AE0F-C796912CE65D}.Release|Any CPU.ActiveCfg = Release|Any CPU
		{4ACFAAEA-10DB-499E-AE0F-C796912CE65D}.Release|Any CPU.Build.0 = Release|Any CPU
		{4ACFAAEA-10DB-499E-AE0F-C796912CE65D}.Release|ARM.ActiveCfg = Release|Any CPU
		{4ACFAAEA-10DB-499E-AE0F-C796912CE65D}.Release|ARM.Build.0 = Release|Any CPU
		{4ACFAAEA-10DB-499E-AE0F-C796912CE65D}.Release|x64.ActiveCfg = Release|Any CPU
		{4ACFAAEA-10DB-499E-AE0F-C796912CE65D}.Release|x64.Build.0 = Release|Any CPU
		{4ACFAAEA-10DB-499E-AE0F-C796912CE65D}.Release|x86.ActiveCfg = Release|Any CPU
		{4ACFAAEA-10DB-499E-AE0F-C796912CE65D}.Release|x86.Build.0 = Release|Any CPU
	EndGlobalSection
	GlobalSection(SolutionProperties) = preSolution
		HideSolutionNode = FALSE
	EndGlobalSection
	GlobalSection(NestedProjects) = preSolution
		{9B13C784-50E6-43FD-8ACF-F8CE761201EB} = {35426C04-2A1E-41C8-9EBE-B7C6EE507776}
		{42EC57F4-48D4-499E-9C49-5B0DA5AE811B} = {35426C04-2A1E-41C8-9EBE-B7C6EE507776}
		{1A708391-DB21-4A69-B504-A8012F008153} = {18528B40-B849-4A24-85B7-22C63D791C30}
		{925B01EA-291A-48DA-B6D0-E6B50C2E31B3} = {18528B40-B849-4A24-85B7-22C63D791C30}
		{35426C04-2A1E-41C8-9EBE-B7C6EE507776} = {18528B40-B849-4A24-85B7-22C63D791C30}
	EndGlobalSection
	GlobalSection(ExtensibilityGlobals) = postSolution
		SolutionGuid = {C097CBC3-3103-435D-A23D-D029366F560F}
	EndGlobalSection
EndGlobal
